
Microsoft Visual Studio Solution File, Format Version 12.00
# Visual Studio Version 17
VisualStudioVersion = 17.5.33530.505
MinimumVisualStudioVersion = 10.0.40219.1
Project("{FAE04EC0-301F-11D3-BF4B-00C04F79EFBC}") = "aahanaphysioclinic", "aahanaphysioclinic.csproj", "{43A7AD95-9DBD-4A86-9ED1-0A212695FF00}"
EndProject
Global
	GlobalSection(SolutionConfigurationPlatforms) = preSolution
		Debug|Any CPU = Debug|Any CPU
		Release|Any CPU = Release|Any CPU
	EndGlobalSection
	GlobalSection(ProjectConfigurationPlatforms) = postSolution
		{43A7AD95-9DBD-4A86-9ED1-0A212695FF00}.Debug|Any CPU.ActiveCfg = Debug|Any CPU
		{43A7AD95-9DBD-4A86-9ED1-0A212695FF00}.Debug|Any CPU.Build.0 = Debug|Any CPU
		{43A7AD95-9DBD-4A86-9ED1-0A212695FF00}.Release|Any CPU.ActiveCfg = Release|Any CPU
		{43A7AD95-9DBD-4A86-9ED1-0A212695FF00}.Release|Any CPU.Build.0 = Release|Any CPU
	EndGlobalSection
	GlobalSection(SolutionProperties) = preSolution
		HideSolutionNode = FALSE
	EndGlobalSection
	GlobalSection(ExtensibilityGlobals) = postSolution
		SolutionGuid = {31AACCC4-9D14-4DF3-A3CA-3B18C5C628A8}
	EndGlobalSection
EndGlobal
